
Microsoft Visual Studio Solution File, Format Version 12.00
# Visual Studio 14
VisualStudioVersion = 14.0.24720.0
MinimumVisualStudioVersion = 10.0.40219.1
Project("{FAE04EC0-301F-11D3-BF4B-00C04F79EFBC}") = "CognitioConsulting.Numerics", "CognitioConsulting.Numerics\CognitioConsulting.Numerics.csproj", "{1892D3E6-5F98-4170-9B4C-B5A4CC8758F4}"
EndProject
Project("{FAE04EC0-301F-11D3-BF4B-00C04F79EFBC}") = "CognitioConsulting.Numerics.Test", "CognitioConsulting.Numerics.Test\CognitioConsulting.Numerics.Test.csproj", "{675E2151-328C-4176-9A7C-250001784CC4}"
EndProject
Global
	GlobalSection(SolutionConfigurationPlatforms) = preSolution
		Debug|Any CPU = Debug|Any CPU
		Release|Any CPU = Release|Any CPU
	EndGlobalSection
	GlobalSection(ProjectConfigurationPlatforms) = postSolution
		{1892D3E6-5F98-4170-9B4C-B5A4CC8758F4}.Debug|Any CPU.ActiveCfg = Debug|Any CPU
		{1892D3E6-5F98-4170-9B4C-B5A4CC8758F4}.Debug|Any CPU.Build.0 = Debug|Any CPU
		{1892D3E6-5F98-4170-9B4C-B5A4CC8758F4}.Release|Any CPU.ActiveCfg = Release|Any CPU
		{1892D3E6-5F98-4170-9B4C-B5A4CC8758F4}.Release|Any CPU.Build.0 = Release|Any CPU
		{675E2151-328C-4176-9A7C-250001784CC4}.Debug|Any CPU.ActiveCfg = Debug|Any CPU
		{675E2151-328C-4176-9A7C-250001784CC4}.Debug|Any CPU.Build.0 = Debug|Any CPU
		{675E2151-328C-4176-9A7C-250001784CC4}.Release|Any CPU.ActiveCfg = Release|Any CPU
		{675E2151-328C-4176-9A7C-250001784CC4}.Release|Any CPU.Build.0 = Release|Any CPU
	EndGlobalSection
	GlobalSection(SolutionProperties) = preSolution
		HideSolutionNode = FALSE
	EndGlobalSection
EndGlobal
